
Microsoft Visual Studio Solution File, Format Version 12.00
# Visual Studio 14
VisualStudioVersion = 14.0.24720.0
MinimumVisualStudioVersion = 10.0.40219.1
Project("{FAE04EC0-301F-11D3-BF4B-00C04F79EFBC}") = "Waldivino_Frederico_Av1", "Waldivino_Frederico_Av1\Waldivino_Frederico_Av1.csproj", "{85F49002-7618-4756-8439-34171031BFC3}"
EndProject
Project("{FAE04EC0-301F-11D3-BF4B-00C04F79EFBC}") = "MODEL.DAL", "MODEL\MODEL.DAL.csproj", "{B53447BD-8A27-4387-AB38-BD73DFF1377A}"
EndProject
Project("{FAE04EC0-301F-11D3-BF4B-00C04F79EFBC}") = "BLL", "BLL\BLL.csproj", "{534F13B9-7629-4C2E-9675-12DE27B1B9FA}"
EndProject
Global
	GlobalSection(SolutionConfigurationPlatforms) = preSolution
		Debug|Any CPU = Debug|Any CPU
		Release|Any CPU = Release|Any CPU
	EndGlobalSection
	GlobalSection(ProjectConfigurationPlatforms) = postSolution
		{85F49002-7618-4756-8439-34171031BFC3}.Debug|Any CPU.ActiveCfg = Debug|Any CPU
		{85F49002-7618-4756-8439-34171031BFC3}.Debug|Any CPU.Build.0 = Debug|Any CPU
		{85F49002-7618-4756-8439-34171031BFC3}.Release|Any CPU.ActiveCfg = Release|Any CPU
		{85F49002-7618-4756-8439-34171031BFC3}.Release|Any CPU.Build.0 = Release|Any CPU
		{B53447BD-8A27-4387-AB38-BD73DFF1377A}.Debug|Any CPU.ActiveCfg = Debug|Any CPU
		{B53447BD-8A27-4387-AB38-BD73DFF1377A}.Debug|Any CPU.Build.0 = Debug|Any CPU
		{B53447BD-8A27-4387-AB38-BD73DFF1377A}.Release|Any CPU.ActiveCfg = Release|Any CPU
		{B53447BD-8A27-4387-AB38-BD73DFF1377A}.Release|Any CPU.Build.0 = Release|Any CPU
		{534F13B9-7629-4C2E-9675-12DE27B1B9FA}.Debug|Any CPU.ActiveCfg = Debug|Any CPU
		{534F13B9-7629-4C2E-9675-12DE27B1B9FA}.Debug|Any CPU.Build.0 = Debug|Any CPU
		{534F13B9-7629-4C2E-9675-12DE27B1B9FA}.Release|Any CPU.ActiveCfg = Release|Any CPU
		{534F13B9-7629-4C2E-9675-12DE27B1B9FA}.Release|Any CPU.Build.0 = Release|Any CPU
	EndGlobalSection
	GlobalSection(SolutionProperties) = preSolution
		HideSolutionNode = FALSE
	EndGlobalSection
EndGlobal
